# This file is generated by running "yarn install" inside your project.
# Manual changes might be lost - proceed with caution!

__metadata:
  version: 6
  cacheKey: 8

"@expo/spawn-async@npm:^1.7.0":
  version: 1.7.0
  resolution: "@expo/spawn-async@npm:1.7.0"
  dependencies:
    cross-spawn: ^7.0.3
  checksum: b4add3c9f12a903d47a201820bead79ace31fdf75d64e07ce6afdcf3a881f9522c354fed18fba7ff3febceedcf45a5f0e5395306e4cbfe46748871638f173034
  languageName: node
  linkType: hard

"@tootallnate/once@npm:2":
  version: 2.0.0
  resolution: "@tootallnate/once@npm:2.0.0"
  checksum: ad87447820dd3f24825d2d947ebc03072b20a42bfc96cbafec16bff8bbda6c1a81fcb0be56d5b21968560c5359a0af4038a68ba150c3e1694fe4c109a063bed8
  languageName: node
  linkType: hard

"abab@npm:^2.0.5, abab@npm:^2.0.6":
  version: 2.0.6
  resolution: "abab@npm:2.0.6"
  checksum: 6ffc1af4ff315066c62600123990d87551ceb0aafa01e6539da77b0f5987ac7019466780bf480f1787576d4385e3690c81ccc37cfda12819bf510b8ab47e5a3e
  languageName: node
  linkType: hard

"acorn-globals@npm:^6.0.0":
  version: 6.0.0
  resolution: "acorn-globals@npm:6.0.0"
  dependencies:
    acorn: ^7.1.1
    acorn-walk: ^7.1.1
  checksum: 72d95e5b5e585f9acd019b993ab8bbba68bb3cbc9d9b5c1ebb3c2f1fe5981f11deababfb4949f48e6262f9c57878837f5958c0cca396f81023814680ca878042
  languageName: node
  linkType: hard

"acorn-walk@npm:^7.1.1":
  version: 7.2.0
  resolution: "acorn-walk@npm:7.2.0"
  checksum: 9252158a79b9d92f1bc0dd6acc0fcfb87a67339e84bcc301bb33d6078936d27e35d606b4d35626d2962cd43c256d6f27717e70cbe15c04fff999ab0b2260b21f
  languageName: node
  linkType: hard

"acorn@npm:^7.1.1":
  version: 7.4.1
  resolution: "acorn@npm:7.4.1"
  bin:
    acorn: bin/acorn
  checksum: 1860f23c2107c910c6177b7b7be71be350db9e1080d814493fae143ae37605189504152d1ba8743ba3178d0b37269ce1ffc42b101547fdc1827078f82671e407
  languageName: node
  linkType: hard

"acorn@npm:^8.5.0":
  version: 8.7.1
  resolution: "acorn@npm:8.7.1"
  bin:
    acorn: bin/acorn
  checksum: aca0aabf98826717920ac2583fdcad0a6fbe4e583fdb6e843af2594e907455aeafe30b1e14f1757cd83ce1776773cf8296ffc3a4acf13f0bd3dfebcf1db6ae80
  languageName: node
  linkType: hard

"agent-base@npm:6":
  version: 6.0.2
  resolution: "agent-base@npm:6.0.2"
  dependencies:
    debug: 4
  checksum: f52b6872cc96fd5f622071b71ef200e01c7c4c454ee68bc9accca90c98cfb39f2810e3e9aa330435835eedc8c23f4f8a15267f67c6e245d2b33757575bdac49d
  languageName: node
  linkType: hard

"ansi-regex@npm:^5.0.1":
  version: 5.0.1
  resolution: "ansi-regex@npm:5.0.1"
  checksum: 2aa4bb54caf2d622f1afdad09441695af2a83aa3fe8b8afa581d205e57ed4261c183c4d3877cee25794443fde5876417d859c108078ab788d6af7e4fe52eb66b
  languageName: node
  linkType: hard

"ansi-styles@npm:^4.0.0, ansi-styles@npm:^4.1.0":
  version: 4.3.0
  resolution: "ansi-styles@npm:4.3.0"
  dependencies:
    color-convert: ^2.0.1
  checksum: 513b44c3b2105dd14cc42a19271e80f386466c4be574bccf60b627432f9198571ebf4ab1e4c3ba17347658f4ee1711c163d574248c0c1cdc2d5917a0ad582ec4
  languageName: node
  linkType: hard

"asynckit@npm:^0.4.0":
  version: 0.4.0
  resolution: "asynckit@npm:0.4.0"
  checksum: 7b78c451df768adba04e2d02e63e2d0bf3b07adcd6e42b4cf665cb7ce899bedd344c69a1dcbce355b5f972d597b25aaa1c1742b52cffd9caccb22f348114f6be
  languageName: node
  linkType: hard

"axios@npm:^0.27.2":
  version: 0.27.2
  resolution: "axios@npm:0.27.2"
  dependencies:
    follow-redirects: ^1.14.9
    form-data: ^4.0.0
  checksum: 38cb7540465fe8c4102850c4368053c21683af85c5fdf0ea619f9628abbcb59415d1e22ebc8a6390d2bbc9b58a9806c874f139767389c862ec9b772235f06854
  languageName: node
  linkType: hard

"bluebird@npm:^3.7.2":
  version: 3.7.2
  resolution: "bluebird@npm:3.7.2"
  checksum: 869417503c722e7dc54ca46715f70e15f4d9c602a423a02c825570862d12935be59ed9c7ba34a9b31f186c017c23cac6b54e35446f8353059c101da73eac22ef
  languageName: node
  linkType: hard

"browser-process-hrtime@npm:^1.0.0":
  version: 1.0.0
  resolution: "browser-process-hrtime@npm:1.0.0"
  checksum: e30f868cdb770b1201afb714ad1575dd86366b6e861900884665fb627109b3cc757c40067d3bfee1ff2a29c835257ea30725a8018a9afd02ac1c24b408b1e45f
  languageName: node
  linkType: hard

"camel-case@npm:^4.1.2":
  version: 4.1.2
  resolution: "camel-case@npm:4.1.2"
  dependencies:
    pascal-case: ^3.1.2
    tslib: ^2.0.3
  checksum: bcbd25cd253b3cbc69be3f535750137dbf2beb70f093bdc575f73f800acc8443d34fd52ab8f0a2413c34f1e8203139ffc88428d8863e4dfe530cfb257a379ad6
  languageName: node
  linkType: hard

"chalk@npm:^4.1.0":
  version: 4.1.2
  resolution: "chalk@npm:4.1.2"
  dependencies:
    ansi-styles: ^4.1.0
    supports-color: ^7.1.0
  checksum: fe75c9d5c76a7a98d45495b91b2172fa3b7a09e0cc9370e5c8feb1c567b85c4288e2b3fded7cfdd7359ac28d6b3844feb8b82b8686842e93d23c827c417e83fc
  languageName: node
  linkType: hard

"cliui@npm:^7.0.2":
  version: 7.0.4
  resolution: "cliui@npm:7.0.4"
  dependencies:
    string-width: ^4.2.0
    strip-ansi: ^6.0.0
    wrap-ansi: ^7.0.0
  checksum: ce2e8f578a4813806788ac399b9e866297740eecd4ad1823c27fd344d78b22c5f8597d548adbcc46f0573e43e21e751f39446c5a5e804a12aace402b7a315d7f
  languageName: node
  linkType: hard

"color-convert@npm:^2.0.1":
  version: 2.0.1
  resolution: "color-convert@npm:2.0.1"
  dependencies:
    color-name: ~1.1.4
  checksum: 79e6bdb9fd479a205c71d89574fccfb22bd9053bd98c6c4d870d65c132e5e904e6034978e55b43d69fcaa7433af2016ee203ce76eeba9cfa554b373e7f7db336
  languageName: node
  linkType: hard

"color-name@npm:~1.1.4":
  version: 1.1.4
  resolution: "color-name@npm:1.1.4"
  checksum: b0445859521eb4021cd0fb0cc1a75cecf67fceecae89b63f62b201cca8d345baf8b952c966862a9d9a2632987d4f6581f0ec8d957dfacece86f0a7919316f610
  languageName: node
  linkType: hard

"combined-stream@npm:^1.0.8":
  version: 1.0.8
  resolution: "combined-stream@npm:1.0.8"
  dependencies:
    delayed-stream: ~1.0.0
  checksum: 49fa4aeb4916567e33ea81d088f6584749fc90c7abec76fd516bf1c5aa5c79f3584b5ba3de6b86d26ddd64bae5329c4c7479343250cfe71c75bb366eae53bb7c
  languageName: node
  linkType: hard

"cross-spawn@npm:^7.0.3":
  version: 7.0.3
  resolution: "cross-spawn@npm:7.0.3"
  dependencies:
    path-key: ^3.1.0
    shebang-command: ^2.0.0
    which: ^2.0.1
  checksum: 671cc7c7288c3a8406f3c69a3ae2fc85555c04169e9d611def9a675635472614f1c0ed0ef80955d5b6d4e724f6ced67f0ad1bb006c2ea643488fcfef994d7f52
  languageName: node
  linkType: hard

"cssom@npm:^0.5.0":
  version: 0.5.0
  resolution: "cssom@npm:0.5.0"
  checksum: 823471aa30091c59e0a305927c30e7768939b6af70405808f8d2ce1ca778cddcb24722717392438329d1691f9a87cb0183b64b8d779b56a961546d54854fde01
  languageName: node
  linkType: hard

"cssom@npm:~0.3.6":
  version: 0.3.8
  resolution: "cssom@npm:0.3.8"
  checksum: 24beb3087c76c0d52dd458be9ee1fbc80ac771478a9baef35dd258cdeb527c68eb43204dd439692bb2b1ae5272fa5f2946d10946edab0d04f1078f85e06bc7f6
  languageName: node
  linkType: hard

"cssstyle@npm:^2.3.0":
  version: 2.3.0
  resolution: "cssstyle@npm:2.3.0"
  dependencies:
    cssom: ~0.3.6
  checksum: 5f05e6fd2e3df0b44695c2f08b9ef38b011862b274e320665176467c0725e44a53e341bc4959a41176e83b66064ab786262e7380fd1cabeae6efee0d255bb4e3
  languageName: node
  linkType: hard

"data-urls@npm:^3.0.1":
  version: 3.0.2
  resolution: "data-urls@npm:3.0.2"
  dependencies:
    abab: ^2.0.6
    whatwg-mimetype: ^3.0.0
    whatwg-url: ^11.0.0
  checksum: 033fc3dd0fba6d24bc9a024ddcf9923691dd24f90a3d26f6545d6a2f71ec6956f93462f2cdf2183cc46f10dc01ed3bcb36731a8208456eb1a08147e571fe2a76
  languageName: node
  linkType: hard

"debug@npm:4":
  version: 4.3.4
  resolution: "debug@npm:4.3.4"
  dependencies:
    ms: 2.1.2
  peerDependenciesMeta:
    supports-color:
      optional: true
  checksum: 3dbad3f94ea64f34431a9cbf0bafb61853eda57bff2880036153438f50fb5a84f27683ba0d8e5426bf41a8c6ff03879488120cf5b3a761e77953169c0600a708
  languageName: node
  linkType: hard

"decimal.js@npm:^10.3.1":
  version: 10.3.1
  resolution: "decimal.js@npm:10.3.1"
  checksum: 0351ac9f05fe050f23227aa6a4573bee2d58fa7378fcf28d969a8c789525032effb488a90320fd3fe86a66e17b4bc507d811b15eada5b7f0e7ec5d2af4c24a59
  languageName: node
  linkType: hard

"deep-is@npm:~0.1.3":
  version: 0.1.4
  resolution: "deep-is@npm:0.1.4"
  checksum: edb65dd0d7d1b9c40b2f50219aef30e116cedd6fc79290e740972c132c09106d2e80aa0bc8826673dd5a00222d4179c84b36a790eef63a4c4bca75a37ef90804
  languageName: node
  linkType: hard

"deepmerge-ts@npm:^4.0.3":
  version: 4.0.3
  resolution: "deepmerge-ts@npm:4.0.3"
  dependencies:
    is-plain-object: ^5.0.0
  checksum: 4973705394bcbf13f896942491366b16b9776a1484c60f827e56fd2fa2327dc1f9634d00a5ac321a17c8099427890dcfb406fa216ba406644107281ed79a1e86
  languageName: node
  linkType: hard

"deepmerge-ts@npm:^4.2.2":
  version: 4.2.2
  resolution: "deepmerge-ts@npm:4.2.2"
  checksum: 137c3650519d9b1a220db7e23a3f56304cd02e7f97b2b8392e2767251055a29318425bacdb2ab2ff175a4645f7179643acf0e038d5dafbfdbc11bdf322f79697
  languageName: node
  linkType: hard

"deepmerge@npm:^4.2.2":
  version: 4.2.2
  resolution: "deepmerge@npm:4.2.2"
  checksum: a8c43a1ed8d6d1ed2b5bf569fa4c8eb9f0924034baf75d5d406e47e157a451075c4db353efea7b6bcc56ec48116a8ce72fccf867b6e078e7c561904b5897530b
  languageName: node
  linkType: hard

"delayed-stream@npm:~1.0.0":
  version: 1.0.0
  resolution: "delayed-stream@npm:1.0.0"
  checksum: 46fe6e83e2cb1d85ba50bd52803c68be9bd953282fa7096f51fc29edd5d67ff84ff753c51966061e5ba7cb5e47ef6d36a91924eddb7f3f3483b1c560f77a0020
  languageName: node
  linkType: hard

"dom-serializer@npm:^2.0.0":
  version: 2.0.0
  resolution: "dom-serializer@npm:2.0.0"
  dependencies:
    domelementtype: ^2.3.0
    domhandler: ^5.0.2
    entities: ^4.2.0
  checksum: cd1810544fd8cdfbd51fa2c0c1128ec3a13ba92f14e61b7650b5de421b88205fd2e3f0cc6ace82f13334114addb90ed1c2f23074a51770a8e9c1273acbc7f3e6
  languageName: node
  linkType: hard

"domelementtype@npm:^2.3.0":
  version: 2.3.0
  resolution: "domelementtype@npm:2.3.0"
  checksum: ee837a318ff702622f383409d1f5b25dd1024b692ef64d3096ff702e26339f8e345820f29a68bcdcea8cfee3531776b3382651232fbeae95612d6f0a75efb4f6
  languageName: node
  linkType: hard

"domexception@npm:^4.0.0":
  version: 4.0.0
  resolution: "domexception@npm:4.0.0"
  dependencies:
    webidl-conversions: ^7.0.0
  checksum: ddbc1268edf33a8ba02ccc596735ede80375ee0cf124b30d2f05df5b464ba78ef4f49889b6391df4a04954e63d42d5631c7fcf8b1c4f12bc531252977a5f13d5
  languageName: node
  linkType: hard

"domhandler@npm:^5.0.1, domhandler@npm:^5.0.2":
  version: 5.0.3
  resolution: "domhandler@npm:5.0.3"
  dependencies:
    domelementtype: ^2.3.0
  checksum: 0f58f4a6af63e6f3a4320aa446d28b5790a009018707bce2859dcb1d21144c7876482b5188395a188dfa974238c019e0a1e610d2fc269a12b2c192ea2b0b131c
  languageName: node
  linkType: hard

"domutils@npm:^3.0.1":
  version: 3.0.1
  resolution: "domutils@npm:3.0.1"
  dependencies:
    dom-serializer: ^2.0.0
    domelementtype: ^2.3.0
    domhandler: ^5.0.1
  checksum: 23aa7a840572d395220e173cb6263b0d028596e3950100520870a125af33ff819e6f609e1606d6f7d73bd9e7feb03bb404286e57a39063b5384c62b724d987b3
  languageName: node
  linkType: hard

"emoji-regex@npm:^8.0.0":
  version: 8.0.0
  resolution: "emoji-regex@npm:8.0.0"
  checksum: d4c5c39d5a9868b5fa152f00cada8a936868fd3367f33f71be515ecee4c803132d11b31a6222b2571b1e5f7e13890156a94880345594d0ce7e3c9895f560f192
  languageName: node
  linkType: hard

"entities@npm:^4.2.0, entities@npm:^4.3.0":
  version: 4.4.0
  resolution: "entities@npm:4.4.0"
  checksum: 84d250329f4b56b40fa93ed067b194db21e8815e4eb9b59f43a086f0ecd342814f6bc483de8a77da5d64e0f626033192b1b4f1792232a7ea6b970ebe0f3187c2
  languageName: node
  linkType: hard

"escalade@npm:^3.1.1":
  version: 3.1.1
  resolution: "escalade@npm:3.1.1"
  checksum: a3e2a99f07acb74b3ad4989c48ca0c3140f69f923e56d0cba0526240ee470b91010f9d39001f2a4a313841d237ede70a729e92125191ba5d21e74b106800b133
  languageName: node
  linkType: hard

"escodegen@npm:^2.0.0":
  version: 2.0.0
  resolution: "escodegen@npm:2.0.0"
  dependencies:
    esprima: ^4.0.1
    estraverse: ^5.2.0
    esutils: ^2.0.2
    optionator: ^0.8.1
    source-map: ~0.6.1
  dependenciesMeta:
    source-map:
      optional: true
  bin:
    escodegen: bin/escodegen.js
    esgenerate: bin/esgenerate.js
  checksum: 5aa6b2966fafe0545e4e77936300cc94ad57cfe4dc4ebff9950492eaba83eef634503f12d7e3cbd644ecc1bab388ad0e92b06fd32222c9281a75d1cf02ec6cef
  languageName: node
  linkType: hard

"esprima@npm:^4.0.1":
  version: 4.0.1
  resolution: "esprima@npm:4.0.1"
  bin:
    esparse: ./bin/esparse.js
    esvalidate: ./bin/esvalidate.js
  checksum: b45bc805a613dbea2835278c306b91aff6173c8d034223fa81498c77dcbce3b2931bf6006db816f62eacd9fd4ea975dfd85a5b7f3c6402cfd050d4ca3c13a628
  languageName: node
  linkType: hard

"estraverse@npm:^5.2.0":
  version: 5.3.0
  resolution: "estraverse@npm:5.3.0"
  checksum: 072780882dc8416ad144f8fe199628d2b3e7bbc9989d9ed43795d2c90309a2047e6bc5979d7e2322a341163d22cfad9e21f4110597fe487519697389497e4e2b
  languageName: node
  linkType: hard

"esutils@npm:^2.0.2":
  version: 2.0.3
  resolution: "esutils@npm:2.0.3"
  checksum: 22b5b08f74737379a840b8ed2036a5fb35826c709ab000683b092d9054e5c2a82c27818f12604bfc2a9a76b90b6834ef081edbc1c7ae30d1627012e067c6ec87
  languageName: node
  linkType: hard

"fast-levenshtein@npm:~2.0.6":
  version: 2.0.6
  resolution: "fast-levenshtein@npm:2.0.6"
  checksum: 92cfec0a8dfafd9c7a15fba8f2cc29cd0b62b85f056d99ce448bbcd9f708e18ab2764bda4dd5158364f4145a7c72788538994f0d1787b956ef0d1062b0f7c24c
  languageName: node
  linkType: hard

"follow-redirects@npm:^1.14.9":
  version: 1.15.1
  resolution: "follow-redirects@npm:1.15.1"
  peerDependenciesMeta:
    debug:
      optional: true
  checksum: 6aa4e3e3cdfa3b9314801a1cd192ba756a53479d9d8cca65bf4db3a3e8834e62139245cd2f9566147c8dfe2efff1700d3e6aefd103de4004a7b99985e71dd533
  languageName: node
  linkType: hard

"form-data@npm:^4.0.0":
  version: 4.0.0
  resolution: "form-data@npm:4.0.0"
  dependencies:
    asynckit: ^0.4.0
    combined-stream: ^1.0.8
    mime-types: ^2.1.12
  checksum: 01135bf8675f9d5c61ff18e2e2932f719ca4de964e3be90ef4c36aacfc7b9cb2fceb5eca0b7e0190e3383fe51c5b37f4cb80b62ca06a99aaabfcfd6ac7c9328c
  languageName: node
  linkType: hard

"fs-extra@npm:^10.1.0":
  version: 10.1.0
  resolution: "fs-extra@npm:10.1.0"
  dependencies:
    graceful-fs: ^4.2.0
    jsonfile: ^6.0.1
    universalify: ^2.0.0
  checksum: dc94ab37096f813cc3ca12f0f1b5ad6744dfed9ed21e953d72530d103cea193c2f81584a39e9dee1bea36de5ee66805678c0dddc048e8af1427ac19c00fffc50
  languageName: node
  linkType: hard

"fs-extra@npm:^11.1.0":
  version: 11.1.0
  resolution: "fs-extra@npm:11.1.0"
  dependencies:
    graceful-fs: ^4.2.0
    jsonfile: ^6.0.1
    universalify: ^2.0.0
  checksum: 5ca476103fa1f5ff4a9b3c4f331548f8a3c1881edaae323a4415d3153b5dc11dc6a981c8d1dd93eec8367ceee27b53f8bd27eecbbf66ffcdd04927510c171e7f
  languageName: node
  linkType: hard

"get-caller-file@npm:^2.0.5":
  version: 2.0.5
  resolution: "get-caller-file@npm:2.0.5"
  checksum: b9769a836d2a98c3ee734a88ba712e62703f1df31b94b784762c433c27a386dd6029ff55c2a920c392e33657d80191edbf18c61487e198844844516f843496b9
  languageName: node
  linkType: hard

"git-command-helper@https://github.com/dimaslanjaka/git-command-helper":
  version: 1.0.11
  resolution: "git-command-helper@https://github.com/dimaslanjaka/git-command-helper.git#commit=ab6e6396a40420f01c100ba3f8ffb346ae0e27ca"
  dependencies:
    "@expo/spawn-async": ^1.7.0
    bluebird: ^3.7.2
    cross-spawn: ^7.0.3
    deepmerge-ts: ^4.2.2
    fs-extra: ^11.1.0
    hexo-util: ^3.0.1
    ini: ^3.0.1
    upath: ^2.0.1
  checksum: 667573d5104bc645044af1eb5b601ee02f985255c6a8ae0f4e1e319531312803da6ac3c7734afa806da77ed68eceb811237cdf09f7e77e6c7ff7419599ee2014
  languageName: node
  linkType: hard

"graceful-fs@npm:^4.1.6, graceful-fs@npm:^4.2.0":
  version: 4.2.10
  resolution: "graceful-fs@npm:4.2.10"
  checksum: 3f109d70ae123951905d85032ebeae3c2a5a7a997430df00ea30df0e3a6c60cf6689b109654d6fdacd28810a053348c4d14642da1d075049e6be1ba5216218da
  languageName: node
  linkType: hard

"has-flag@npm:^4.0.0":
  version: 4.0.0
  resolution: "has-flag@npm:4.0.0"
  checksum: 261a1357037ead75e338156b1f9452c016a37dcd3283a972a30d9e4a87441ba372c8b81f818cd0fbcd9c0354b4ae7e18b9e1afa1971164aef6d18c2b6095a8ad
  languageName: node
  linkType: hard

"hexo-post-parser@git+https://github.com/dimaslanjaka/hexo-post-parser.git#master":
  version: 1.1.1
  resolution: "hexo-post-parser@https://github.com/dimaslanjaka/hexo-post-parser.git#commit=95145d07298ad640fd56aa738ba13dc74bf690e2"
  dependencies:
    axios: ^0.27.2
    chalk: ^4.1.0
    deepmerge-ts: ^4.0.3
    fs-extra: ^10.1.0
    jsdom: ^19.0.0
    lodash: ^4.17.21
    moment-timezone: ^0.5.34
    persistent-cache: "git+https://github.com/dimaslanjaka/persistent-cache#improve2"
    upath: ^2.0.1
    yaml: ^2.1.0
    yargs: ^17.5.1
  checksum: 9e04315bfd3f2d12290b4d72bd3c12bb25f121969fcee2a1e566a92b9f7c4694a0727b6b787a28882ced0ed7a2463d47db058bf4cedd7635b910e4b9d4e5f6a4
  languageName: node
  linkType: hard

"hexo-util@npm:^3.0.1":
  version: 3.0.1
  resolution: "hexo-util@npm:3.0.1"
  dependencies:
    bluebird: ^3.7.2
    camel-case: ^4.1.2
    cross-spawn: ^7.0.3
    deepmerge: ^4.2.2
    highlight.js: ^11.6.0
    htmlparser2: ^8.0.1
    prismjs: ^1.29.0
    strip-indent: ^3.0.0
  checksum: 0156262b935ae958999b25c7b279d8266bfd595b08f2df6624cd026e7308219b094b375f39832c8df5380df8c7f450c6af5edde3f80f071f1c19ca8ec6a960bd
  languageName: node
  linkType: hard

"highlight.js@npm:^11.6.0":
  version: 11.7.0
  resolution: "highlight.js@npm:11.7.0"
  checksum: 19e3fb8b56f4b361b057a8523b989dfeb6479bbd1e29cec3fac6fa5c78d09927d5fa61b7dba6631fdb57cfdca9b3084aa4da49405ceaf4a67f67beae2ed5b77d
  languageName: node
  linkType: hard

"html-encoding-sniffer@npm:^3.0.0":
  version: 3.0.0
  resolution: "html-encoding-sniffer@npm:3.0.0"
  dependencies:
    whatwg-encoding: ^2.0.0
  checksum: 8d806aa00487e279e5ccb573366a951a9f68f65c90298eac9c3a2b440a7ffe46615aff2995a2f61c6746c639234e6179a97e18ca5ccbbf93d3725ef2099a4502
  languageName: node
  linkType: hard

"htmlparser2@npm:^8.0.1":
  version: 8.0.1
  resolution: "htmlparser2@npm:8.0.1"
  dependencies:
    domelementtype: ^2.3.0
    domhandler: ^5.0.2
    domutils: ^3.0.1
    entities: ^4.3.0
  checksum: 06d5c71e8313597722bc429ae2a7a8333d77bd3ab07ccb916628384b37332027b047f8619448d8f4a3312b6609c6ea3302a4e77435d859e9e686999e6699ca39
  languageName: node
  linkType: hard

"http-proxy-agent@npm:^5.0.0":
  version: 5.0.0
  resolution: "http-proxy-agent@npm:5.0.0"
  dependencies:
    "@tootallnate/once": 2
    agent-base: 6
    debug: 4
  checksum: e2ee1ff1656a131953839b2a19cd1f3a52d97c25ba87bd2559af6ae87114abf60971e498021f9b73f9fd78aea8876d1fb0d4656aac8a03c6caa9fc175f22b786
  languageName: node
  linkType: hard

"https-proxy-agent@npm:^5.0.0":
  version: 5.0.1
  resolution: "https-proxy-agent@npm:5.0.1"
  dependencies:
    agent-base: 6
    debug: 4
  checksum: 571fccdf38184f05943e12d37d6ce38197becdd69e58d03f43637f7fa1269cf303a7d228aa27e5b27bbd3af8f09fd938e1c91dcfefff2df7ba77c20ed8dfc765
  languageName: node
  linkType: hard

"iconv-lite@npm:0.6.3":
  version: 0.6.3
  resolution: "iconv-lite@npm:0.6.3"
  dependencies:
    safer-buffer: ">= 2.1.2 < 3.0.0"
  checksum: 3f60d47a5c8fc3313317edfd29a00a692cc87a19cac0159e2ce711d0ebc9019064108323b5e493625e25594f11c6236647d8e256fbe7a58f4a3b33b89e6d30bf
  languageName: node
  linkType: hard

"ini@npm:^3.0.1":
  version: 3.0.1
  resolution: "ini@npm:3.0.1"
  checksum: 947b582a822f06df3c22c75c90aec217d604ea11f7a20249530ee5c1cf8f508288439abe17b0e1d9b421bda5f4fae5e7aae0b18cb3ded5ac9d68f607df82f10f
  languageName: node
  linkType: hard

"is-fullwidth-code-point@npm:^3.0.0":
  version: 3.0.0
  resolution: "is-fullwidth-code-point@npm:3.0.0"
  checksum: 44a30c29457c7fb8f00297bce733f0a64cd22eca270f83e58c105e0d015e45c019491a4ab2faef91ab51d4738c670daff901c799f6a700e27f7314029e99e348
  languageName: node
  linkType: hard

"is-plain-object@npm:^5.0.0":
  version: 5.0.0
  resolution: "is-plain-object@npm:5.0.0"
  checksum: e32d27061eef62c0847d303125440a38660517e586f2f3db7c9d179ae5b6674ab0f469d519b2e25c147a1a3bc87156d0d5f4d8821e0ce4a9ee7fe1fcf11ce45c
  languageName: node
  linkType: hard

"is-potential-custom-element-name@npm:^1.0.1":
  version: 1.0.1
  resolution: "is-potential-custom-element-name@npm:1.0.1"
  checksum: ced7bbbb6433a5b684af581872afe0e1767e2d1146b2207ca0068a648fb5cab9d898495d1ac0583524faaf24ca98176a7d9876363097c2d14fee6dd324f3a1ab
  languageName: node
  linkType: hard

"is@npm:~0.2.6":
  version: 0.2.7
  resolution: "is@npm:0.2.7"
  checksum: 45cea1e6deb41150b5753e18041a833657313e9c791c73f96fb9014b613346f5af2e6650858ef50ea6262c79555b65e09b13d30a268139863885025dd65f1059
  languageName: node
  linkType: hard

"isexe@npm:^2.0.0":
  version: 2.0.0
  resolution: "isexe@npm:2.0.0"
  checksum: 26bf6c5480dda5161c820c5b5c751ae1e766c587b1f951ea3fcfc973bafb7831ae5b54a31a69bd670220e42e99ec154475025a468eae58ea262f813fdc8d1c62
  languageName: node
  linkType: hard

"js-prototypes@git+https://github.com/dimaslanjaka/js-prototypes.git#master":
  version: 1.1.6
  resolution: "js-prototypes@https://github.com/dimaslanjaka/js-prototypes.git#commit=1b0f3ec3f292f27697d874f1258b9e0cad19935e"
  peerDependencies:
    "@types/through2": "*"
  checksum: 51d8508396af9dbff4404f44991f49479e10a16b0445263398ca0b12fa8e67ddc769a6b164aa3a864a00c9bbe11fd36f48e2dd8b01fcf5e8beb57a39c06d18f8
  languageName: node
  linkType: hard

"jsdom@npm:^19.0.0":
  version: 19.0.0
  resolution: "jsdom@npm:19.0.0"
  dependencies:
    abab: ^2.0.5
    acorn: ^8.5.0
    acorn-globals: ^6.0.0
    cssom: ^0.5.0
    cssstyle: ^2.3.0
    data-urls: ^3.0.1
    decimal.js: ^10.3.1
    domexception: ^4.0.0
    escodegen: ^2.0.0
    form-data: ^4.0.0
    html-encoding-sniffer: ^3.0.0
    http-proxy-agent: ^5.0.0
    https-proxy-agent: ^5.0.0
    is-potential-custom-element-name: ^1.0.1
    nwsapi: ^2.2.0
    parse5: 6.0.1
    saxes: ^5.0.1
    symbol-tree: ^3.2.4
    tough-cookie: ^4.0.0
    w3c-hr-time: ^1.0.2
    w3c-xmlserializer: ^3.0.0
    webidl-conversions: ^7.0.0
    whatwg-encoding: ^2.0.0
    whatwg-mimetype: ^3.0.0
    whatwg-url: ^10.0.0
    ws: ^8.2.3
    xml-name-validator: ^4.0.0
  peerDependencies:
    canvas: ^2.5.0
  peerDependenciesMeta:
    canvas:
      optional: true
  checksum: 94b693bf4a394097dd96705550bb7b6cd3c8db3c5414e6e9c92a0995ed8b61067597da2f37fca6bed4b5a2f1ef33960ee759522156dccd0b306311988ea87cfb
  languageName: node
  linkType: hard

"jsonfile@npm:^6.0.1":
  version: 6.1.0
  resolution: "jsonfile@npm:6.1.0"
  dependencies:
    graceful-fs: ^4.1.6
    universalify: ^2.0.0
  dependenciesMeta:
    graceful-fs:
      optional: true
  checksum: 7af3b8e1ac8fe7f1eccc6263c6ca14e1966fcbc74b618d3c78a0a2075579487547b94f72b7a1114e844a1e15bb00d440e5d1720bfc4612d790a6f285d5ea8354
  languageName: node
  linkType: hard

"levn@npm:~0.3.0":
  version: 0.3.0
  resolution: "levn@npm:0.3.0"
  dependencies:
    prelude-ls: ~1.1.2
    type-check: ~0.3.2
  checksum: 0d084a524231a8246bb10fec48cdbb35282099f6954838604f3c7fc66f2e16fa66fd9cc2f3f20a541a113c4dafdf181e822c887c8a319c9195444e6c64ac395e
  languageName: node
  linkType: hard

"lodash@npm:^4.17.21":
  version: 4.17.21
  resolution: "lodash@npm:4.17.21"
  checksum: eb835a2e51d381e561e508ce932ea50a8e5a68f4ebdd771ea240d3048244a8d13658acbd502cd4829768c56f2e16bdd4340b9ea141297d472517b83868e677f7
  languageName: node
  linkType: hard

"lower-case@npm:^2.0.2":
  version: 2.0.2
  resolution: "lower-case@npm:2.0.2"
  dependencies:
    tslib: ^2.0.3
  checksum: 83a0a5f159ad7614bee8bf976b96275f3954335a84fad2696927f609ddae902802c4f3312d86668722e668bef41400254807e1d3a7f2e8c3eede79691aa1f010
  languageName: node
  linkType: hard

"mime-db@npm:1.52.0":
  version: 1.52.0
  resolution: "mime-db@npm:1.52.0"
  checksum: 0d99a03585f8b39d68182803b12ac601d9c01abfa28ec56204fa330bc9f3d1c5e14beb049bafadb3dbdf646dfb94b87e24d4ec7b31b7279ef906a8ea9b6a513f
  languageName: node
  linkType: hard

"mime-types@npm:^2.1.12":
  version: 2.1.35
  resolution: "mime-types@npm:2.1.35"
  dependencies:
    mime-db: 1.52.0
  checksum: 89a5b7f1def9f3af5dad6496c5ed50191ae4331cc5389d7c521c8ad28d5fdad2d06fd81baf38fed813dc4e46bb55c8145bb0ff406330818c9cf712fb2e9b3836
  languageName: node
  linkType: hard

"min-indent@npm:^1.0.0":
  version: 1.0.1
  resolution: "min-indent@npm:1.0.1"
  checksum: bfc6dd03c5eaf623a4963ebd94d087f6f4bbbfd8c41329a7f09706b0cb66969c4ddd336abeb587bc44bc6f08e13bf90f0b374f9d71f9f01e04adc2cd6f083ef1
  languageName: node
  linkType: hard

"mkdirp-no-bin@npm:^0.5.1":
  version: 0.5.1
  resolution: "mkdirp-no-bin@npm:0.5.1"
  checksum: 6721ec52456faba7d2cf269a71189221bf45b3094ca4e8aac67774669ac30003f7e48ef28fac2e95a9a2cb7915ea99fcf2f902d7f280dbeb9d4d829907ab7a70
  languageName: node
  linkType: hard

"moment-timezone@npm:^0.5.34":
  version: 0.5.34
  resolution: "moment-timezone@npm:0.5.34"
  dependencies:
    moment: ">= 2.9.0"
  checksum: 12a1d3d52e4ba509cf1fa36bbda59d898a08fa80ab35f6c358747e93aec1f07e617cec647eaf2e8acf5f9132e581d4704d34a9edffa9a80c5cd04bf23b277595
  languageName: node
  linkType: hard

"moment@npm:>= 2.9.0":
  version: 2.29.3
  resolution: "moment@npm:2.29.3"
  checksum: 2e780e36d9a1823c08a1b6313cbb08bd01ecbb2a9062095820a34f42c878991ccba53abaa6abb103fd5c01e763724f295162a8c50b7e95b4f1c992ef0772d3f0
  languageName: node
  linkType: hard

"ms@npm:2.1.2":
  version: 2.1.2
  resolution: "ms@npm:2.1.2"
  checksum: 673cdb2c3133eb050c745908d8ce632ed2c02d85640e2edb3ace856a2266a813b30c613569bf3354fdf4ea7d1a1494add3bfa95e2713baa27d0c2c71fc44f58f
  languageName: node
  linkType: hard

"no-case@npm:^3.0.4":
  version: 3.0.4
  resolution: "no-case@npm:3.0.4"
  dependencies:
    lower-case: ^2.0.2
    tslib: ^2.0.3
  checksum: 0b2ebc113dfcf737d48dde49cfebf3ad2d82a8c3188e7100c6f375e30eafbef9e9124aadc3becef237b042fd5eb0aad2fd78669c20972d045bbe7fea8ba0be5c
  languageName: node
  linkType: hard

"node.extend@npm:1.0.8":
  version: 1.0.8
  resolution: "node.extend@npm:1.0.8"
  dependencies:
    is: ~0.2.6
    object-keys: ~0.4.0
  checksum: ee2467a17190447b3bd1cad9cd3aaf4373e1be21bae3972a4cf6baa69c762af5694531d75243a1db18cc83dc6c7bd6bdf0dcea8fc7f7e8667e0c4bf27a29b812
  languageName: node
  linkType: hard

"node.flow@npm:1.2.3":
  version: 1.2.3
  resolution: "node.flow@npm:1.2.3"
  dependencies:
    node.extend: 1.0.8
  checksum: b2909b4e20fbf42818bcffabb45170b064e38bdbb00dbd1c45cba9c0610822903794ac892f77a6004932c5a3491f3503ea7cb86f39c4b9562b4f4deb563c813e
  languageName: node
  linkType: hard

"nodejs-package-types@git+https://github.com/dimaslanjaka/nodejs-package-types.git#main":
  version: 1.1.1
  resolution: "nodejs-package-types@https://github.com/dimaslanjaka/nodejs-package-types.git#commit=f96441b7761430e26d75f04311cb1ccd64fb0faa"
  dependencies:
    fs-extra: ^11.1.0
    upath: ^2.0.1
  checksum: 165300adef5f5dcd25f089ba8fd090bb1491ca04802ad764bfdad995cf2a9ef886d43682b0eb613811a9612623f539171b691b69d869f18c0aca13515be09d4f
  languageName: node
  linkType: hard

"nwsapi@npm:^2.2.0":
  version: 2.2.0
  resolution: "nwsapi@npm:2.2.0"
  checksum: 5ef4a9bc0c1a5b7f2e014aa6a4b359a257503b796618ed1ef0eb852098f77e772305bb0e92856e4bbfa3e6c75da48c0113505c76f144555ff38867229c2400a7
  languageName: node
  linkType: hard

"object-keys@npm:~0.4.0":
  version: 0.4.0
  resolution: "object-keys@npm:0.4.0"
  checksum: 1be3ebe9b48c0d5eda8e4a30657d887a748cb42435e0e2eaf49faf557bdd602cd2b7558b8ce90a4eb2b8592d16b875a1900bce859cbb0f35b21c67e11a45313c
  languageName: node
  linkType: hard

"optionator@npm:^0.8.1":
  version: 0.8.3
  resolution: "optionator@npm:0.8.3"
  dependencies:
    deep-is: ~0.1.3
    fast-levenshtein: ~2.0.6
    levn: ~0.3.0
    prelude-ls: ~1.1.2
    type-check: ~0.3.2
    word-wrap: ~1.2.3
  checksum: b8695ddf3d593203e25ab0900e265d860038486c943ff8b774f596a310f8ceebdb30c6832407a8198ba3ec9debe1abe1f51d4aad94843612db3b76d690c61d34
  languageName: node
  linkType: hard

"parse5@npm:6.0.1":
  version: 6.0.1
  resolution: "parse5@npm:6.0.1"
  checksum: 7d569a176c5460897f7c8f3377eff640d54132b9be51ae8a8fa4979af940830b2b0c296ce75e5bd8f4041520aadde13170dbdec44889975f906098ea0002f4bd
  languageName: node
  linkType: hard

"pascal-case@npm:^3.1.2":
  version: 3.1.2
  resolution: "pascal-case@npm:3.1.2"
  dependencies:
    no-case: ^3.0.4
    tslib: ^2.0.3
  checksum: ba98bfd595fc91ef3d30f4243b1aee2f6ec41c53b4546bfa3039487c367abaa182471dcfc830a1f9e1a0df00c14a370514fa2b3a1aacc68b15a460c31116873e
  languageName: node
  linkType: hard

"path-key@npm:^3.1.0":
  version: 3.1.1
  resolution: "path-key@npm:3.1.1"
  checksum: 55cd7a9dd4b343412a8386a743f9c746ef196e57c823d90ca3ab917f90ab9f13dd0ded27252ba49dbdfcab2b091d998bc446f6220cd3cea65db407502a740020
  languageName: node
  linkType: hard

"persistent-cache@git+https://github.com/dimaslanjaka/persistent-cache#improve2":
  version: 1.1.2
  resolution: "persistent-cache@https://github.com/dimaslanjaka/persistent-cache.git#commit=583c4bfe871a593f90a83419ff1ea6794d857fb2"
  dependencies:
    mkdirp-no-bin: ^0.5.1
    rmdir: ^1.2.0
    upath: ^2.0.1
  checksum: 449ee383f0e473dfb861059cb051874fe824fde5855d3f779cfdfc3e4b2f09430d3da9b18955f7f1f47fbbc40d0aee6e7c8a2d82fa1aaa605ff7f9612fdebace
  languageName: node
  linkType: hard

"persistent-cache@https://github.com/dimaslanjaka/persistent-cache.git#improve2":
  version: 1.1.4
  resolution: "persistent-cache@https://github.com/dimaslanjaka/persistent-cache.git#commit=902db15668cdcc61b2f4c22fc5220b4498b45579"
  dependencies:
    fs-extra: ^10.1.0
    mkdirp-no-bin: ^0.5.1
    rmdir: ^1.2.0
    upath: ^2.0.1
  checksum: b8d36cc62f1b53904ba6d7679ecf12806c6c1aadc8fc8bf2a2969ddf65fe4712742599d28f67233f8e5267a54ca06128cbac2b2ce395ee3c85832a4af8eacc3a
  languageName: node
  linkType: hard

"prelude-ls@npm:~1.1.2":
  version: 1.1.2
  resolution: "prelude-ls@npm:1.1.2"
  checksum: c4867c87488e4a0c233e158e4d0d5565b609b105d75e4c05dc760840475f06b731332eb93cc8c9cecb840aa8ec323ca3c9a56ad7820ad2e63f0261dadcb154e4
  languageName: node
  linkType: hard

"prismjs@npm:^1.29.0":
  version: 1.29.0
  resolution: "prismjs@npm:1.29.0"
  checksum: 007a8869d4456ff8049dc59404e32d5666a07d99c3b0e30a18bd3b7676dfa07d1daae9d0f407f20983865fd8da56de91d09cb08e6aa61f5bc420a27c0beeaf93
  languageName: node
  linkType: hard

"psl@npm:^1.1.33":
  version: 1.8.0
  resolution: "psl@npm:1.8.0"
  checksum: 6150048ed2da3f919478bee8a82f3828303bc0fc730fb015a48f83c9977682c7b28c60ab01425a72d82a2891a1681627aa530a991d50c086b48a3be27744bde7
  languageName: node
  linkType: hard

"punycode@npm:^2.1.1":
  version: 2.1.1
  resolution: "punycode@npm:2.1.1"
  checksum: 823bf443c6dd14f669984dea25757b37993f67e8d94698996064035edd43bed8a5a17a9f12e439c2b35df1078c6bec05a6c86e336209eb1061e8025c481168e8
  languageName: node
  linkType: hard

"require-directory@npm:^2.1.1":
  version: 2.1.1
  resolution: "require-directory@npm:2.1.1"
  checksum: fb47e70bf0001fdeabdc0429d431863e9475e7e43ea5f94ad86503d918423c1543361cc5166d713eaa7029dd7a3d34775af04764bebff99ef413111a5af18c80
  languageName: node
  linkType: hard

"rmdir@npm:^1.2.0":
  version: 1.2.0
  resolution: "rmdir@npm:1.2.0"
  dependencies:
    node.flow: 1.2.3
  checksum: 21133a94207ca133775d33cc9c051967f392ff87d38b52d04a66097df682175794dee6f719e3fec2050f7192fa00131be8e3e48da7cc28145127c6c5c85d5e6a
  languageName: node
  linkType: hard

"safer-buffer@npm:>= 2.1.2 < 3.0.0":
  version: 2.1.2
  resolution: "safer-buffer@npm:2.1.2"
  checksum: cab8f25ae6f1434abee8d80023d7e72b598cf1327164ddab31003c51215526801e40b66c5e65d658a0af1e9d6478cadcb4c745f4bd6751f97d8644786c0978b0
  languageName: node
  linkType: hard

"saxes@npm:^5.0.1":
  version: 5.0.1
  resolution: "saxes@npm:5.0.1"
  dependencies:
    xmlchars: ^2.2.0
  checksum: 5636b55cf15f7cf0baa73f2797bf992bdcf75d1b39d82c0aa4608555c774368f6ac321cb641fd5f3d3ceb87805122cd47540da6a7b5960fe0dbdb8f8c263f000
  languageName: node
  linkType: hard

"shebang-command@npm:^2.0.0":
  version: 2.0.0
  resolution: "shebang-command@npm:2.0.0"
  dependencies:
    shebang-regex: ^3.0.0
  checksum: 6b52fe87271c12968f6a054e60f6bde5f0f3d2db483a1e5c3e12d657c488a15474121a1d55cd958f6df026a54374ec38a4a963988c213b7570e1d51575cea7fa
  languageName: node
  linkType: hard

"shebang-regex@npm:^3.0.0":
  version: 3.0.0
  resolution: "shebang-regex@npm:3.0.0"
  checksum: 1a2bcae50de99034fcd92ad4212d8e01eedf52c7ec7830eedcf886622804fe36884278f2be8be0ea5fde3fd1c23911643a4e0f726c8685b61871c8908af01222
  languageName: node
  linkType: hard

"source-map@npm:~0.6.1":
  version: 0.6.1
  resolution: "source-map@npm:0.6.1"
  checksum: 59ce8640cf3f3124f64ac289012c2b8bd377c238e316fb323ea22fbfe83da07d81e000071d7242cad7a23cd91c7de98e4df8830ec3f133cb6133a5f6e9f67bc2
  languageName: node
  linkType: hard

"string-width@npm:^4.1.0, string-width@npm:^4.2.0, string-width@npm:^4.2.3":
  version: 4.2.3
  resolution: "string-width@npm:4.2.3"
  dependencies:
    emoji-regex: ^8.0.0
    is-fullwidth-code-point: ^3.0.0
    strip-ansi: ^6.0.1
  checksum: e52c10dc3fbfcd6c3a15f159f54a90024241d0f149cf8aed2982a2d801d2e64df0bf1dc351cf8e95c3319323f9f220c16e740b06faecd53e2462df1d2b5443fb
  languageName: node
  linkType: hard

"strip-ansi@npm:^6.0.0, strip-ansi@npm:^6.0.1":
  version: 6.0.1
  resolution: "strip-ansi@npm:6.0.1"
  dependencies:
    ansi-regex: ^5.0.1
  checksum: f3cd25890aef3ba6e1a74e20896c21a46f482e93df4a06567cebf2b57edabb15133f1f94e57434e0a958d61186087b1008e89c94875d019910a213181a14fc8c
  languageName: node
  linkType: hard

"strip-indent@npm:^3.0.0":
  version: 3.0.0
  resolution: "strip-indent@npm:3.0.0"
  dependencies:
    min-indent: ^1.0.0
  checksum: 18f045d57d9d0d90cd16f72b2313d6364fd2cb4bf85b9f593523ad431c8720011a4d5f08b6591c9d580f446e78855c5334a30fb91aa1560f5d9f95ed1b4a0530
  languageName: node
  linkType: hard

"supports-color@npm:^7.1.0":
  version: 7.2.0
  resolution: "supports-color@npm:7.2.0"
  dependencies:
    has-flag: ^4.0.0
  checksum: 3dda818de06ebbe5b9653e07842d9479f3555ebc77e9a0280caf5a14fb877ffee9ed57007c3b78f5a6324b8dbeec648d9e97a24e2ed9fdb81ddc69ea07100f4a
  languageName: node
  linkType: hard

"symbol-tree@npm:^3.2.4":
  version: 3.2.4
  resolution: "symbol-tree@npm:3.2.4"
  checksum: 6e8fc7e1486b8b54bea91199d9535bb72f10842e40c79e882fc94fb7b14b89866adf2fd79efa5ebb5b658bc07fb459ccce5ac0e99ef3d72f474e74aaf284029d
  languageName: node
  linkType: hard

"test@workspace:.":
  version: 0.0.0-use.local
  resolution: "test@workspace:."
  dependencies:
    cross-spawn: ^7.0.3
    git-command-helper: "https://github.com/dimaslanjaka/git-command-helper"
    hexo-post-parser: "git+https://github.com/dimaslanjaka/hexo-post-parser.git#master"
    js-prototypes: "git+https://github.com/dimaslanjaka/js-prototypes.git#master"
    nodejs-package-types: "git+https://github.com/dimaslanjaka/nodejs-package-types.git#main"
    persistent-cache: "https://github.com/dimaslanjaka/persistent-cache.git#improve2"
    upath: ^2.0.1
  languageName: unknown
  linkType: soft

"tough-cookie@npm:^4.0.0":
  version: 4.0.0
  resolution: "tough-cookie@npm:4.0.0"
  dependencies:
    psl: ^1.1.33
    punycode: ^2.1.1
    universalify: ^0.1.2
  checksum: 0891b37eb7d17faa3479d47f0dce2e3007f2583094ad272f2670d120fbcc3df3b0b0a631ba96ecad49f9e2297d93ff8995ce0d3292d08dd7eabe162f5b224d69
  languageName: node
  linkType: hard

"tr46@npm:^3.0.0":
  version: 3.0.0
  resolution: "tr46@npm:3.0.0"
  dependencies:
    punycode: ^2.1.1
  checksum: 44c3cc6767fb800490e6e9fd64fd49041aa4e49e1f6a012b34a75de739cc9ed3a6405296072c1df8b6389ae139c5e7c6496f659cfe13a04a4bff3a1422981270
  languageName: node
  linkType: hard

"tslib@npm:^2.0.3":
  version: 2.4.1
  resolution: "tslib@npm:2.4.1"
  checksum: 19480d6e0313292bd6505d4efe096a6b31c70e21cf08b5febf4da62e95c265c8f571f7b36fcc3d1a17e068032f59c269fab3459d6cd3ed6949eafecf64315fca
  languageName: node
  linkType: hard

"type-check@npm:~0.3.2":
  version: 0.3.2
  resolution: "type-check@npm:0.3.2"
  dependencies:
    prelude-ls: ~1.1.2
  checksum: dd3b1495642731bc0e1fc40abe5e977e0263005551ac83342ecb6f4f89551d106b368ec32ad3fb2da19b3bd7b2d1f64330da2ea9176d8ddbfe389fb286eb5124
  languageName: node
  linkType: hard

"universalify@npm:^0.1.2":
  version: 0.1.2
  resolution: "universalify@npm:0.1.2"
  checksum: 40cdc60f6e61070fe658ca36016a8f4ec216b29bf04a55dce14e3710cc84c7448538ef4dad3728d0bfe29975ccd7bfb5f414c45e7b78883567fb31b246f02dff
  languageName: node
  linkType: hard

"universalify@npm:^2.0.0":
  version: 2.0.0
  resolution: "universalify@npm:2.0.0"
  checksum: 2406a4edf4a8830aa6813278bab1f953a8e40f2f63a37873ffa9a3bc8f9745d06cc8e88f3572cb899b7e509013f7f6fcc3e37e8a6d914167a5381d8440518c44
  languageName: node
  linkType: hard

"upath@npm:^2.0.1":
  version: 2.0.1
  resolution: "upath@npm:2.0.1"
  checksum: 2db04f24a03ef72204c7b969d6991abec9e2cb06fb4c13a1fd1c59bc33b46526b16c3325e55930a11ff86a77a8cbbcda8f6399bf914087028c5beae21ecdb33c
  languageName: node
  linkType: hard

"w3c-hr-time@npm:^1.0.2":
  version: 1.0.2
  resolution: "w3c-hr-time@npm:1.0.2"
  dependencies:
    browser-process-hrtime: ^1.0.0
  checksum: ec3c2dacbf8050d917bbf89537a101a08c2e333b4c19155f7d3bedde43529d4339db6b3d049d9610789cb915f9515f8be037e0c54c079e9d4735c50b37ed52b9
  languageName: node
  linkType: hard

"w3c-xmlserializer@npm:^3.0.0":
  version: 3.0.0
  resolution: "w3c-xmlserializer@npm:3.0.0"
  dependencies:
    xml-name-validator: ^4.0.0
  checksum: 0af8589942eeb11c9fe29eb31a1a09f3d5dd136aea53a9848dfbabff79ac0dd26fe13eb54d330d5555fe27bb50b28dca0715e09f9cc2bfa7670ccc8b7f919ca2
  languageName: node
  linkType: hard

"webidl-conversions@npm:^7.0.0":
  version: 7.0.0
  resolution: "webidl-conversions@npm:7.0.0"
  checksum: f05588567a2a76428515333eff87200fae6c83c3948a7482ebb109562971e77ef6dc49749afa58abb993391227c5697b3ecca52018793e0cb4620a48f10bd21b
  languageName: node
  linkType: hard

"whatwg-encoding@npm:^2.0.0":
  version: 2.0.0
  resolution: "whatwg-encoding@npm:2.0.0"
  dependencies:
    iconv-lite: 0.6.3
  checksum: 7087810c410aa9b689cbd6af8773341a53cdc1f3aae2a882c163bd5522ec8ca4cdfc269aef417a5792f411807d5d77d50df4c24e3abb00bb60192858a40cc675
  languageName: node
  linkType: hard

"whatwg-mimetype@npm:^3.0.0":
  version: 3.0.0
  resolution: "whatwg-mimetype@npm:3.0.0"
  checksum: ce08bbb36b6aaf64f3a84da89707e3e6a31e5ab1c1a2379fd68df79ba712a4ab090904f0b50e6693b0dafc8e6343a6157e40bf18fdffd26e513cf95ee2a59824
  languageName: node
  linkType: hard

"whatwg-url@npm:^10.0.0":
  version: 10.0.0
  resolution: "whatwg-url@npm:10.0.0"
  dependencies:
    tr46: ^3.0.0
    webidl-conversions: ^7.0.0
  checksum: a21ec309c5cc743fe9414509408bedf65eaf0fb5c17ac66baa08ef12fce16da4dd30ce90abefbd5a716408301c58a73666dabfd5042cf4242992eb98b954f861
  languageName: node
  linkType: hard

"whatwg-url@npm:^11.0.0":
  version: 11.0.0
  resolution: "whatwg-url@npm:11.0.0"
  dependencies:
    tr46: ^3.0.0
    webidl-conversions: ^7.0.0
  checksum: ed4826aaa57e66bb3488a4b25c9cd476c46ba96052747388b5801f137dd740b73fde91ad207d96baf9f17fbcc80fc1a477ad65181b5eb5fa718d27c69501d7af
  languageName: node
  linkType: hard

"which@npm:^2.0.1":
  version: 2.0.2
  resolution: "which@npm:2.0.2"
  dependencies:
    isexe: ^2.0.0
  bin:
    node-which: ./bin/node-which
  checksum: 1a5c563d3c1b52d5f893c8b61afe11abc3bab4afac492e8da5bde69d550de701cf9806235f20a47b5c8fa8a1d6a9135841de2596535e998027a54589000e66d1
  languageName: node
  linkType: hard

"word-wrap@npm:~1.2.3":
  version: 1.2.3
  resolution: "word-wrap@npm:1.2.3"
  checksum: 30b48f91fcf12106ed3186ae4fa86a6a1842416df425be7b60485de14bec665a54a68e4b5156647dec3a70f25e84d270ca8bc8cd23182ed095f5c7206a938c1f
  languageName: node
  linkType: hard

"wrap-ansi@npm:^7.0.0":
  version: 7.0.0
  resolution: "wrap-ansi@npm:7.0.0"
  dependencies:
    ansi-styles: ^4.0.0
    string-width: ^4.1.0
    strip-ansi: ^6.0.0
  checksum: a790b846fd4505de962ba728a21aaeda189b8ee1c7568ca5e817d85930e06ef8d1689d49dbf0e881e8ef84436af3a88bc49115c2e2788d841ff1b8b5b51a608b
  languageName: node
  linkType: hard

"ws@npm:^8.2.3":
  version: 8.7.0
  resolution: "ws@npm:8.7.0"
  peerDependencies:
    bufferutil: ^4.0.1
    utf-8-validate: ^5.0.2
  peerDependenciesMeta:
    bufferutil:
      optional: true
    utf-8-validate:
      optional: true
  checksum: 078fa2dbc06b31a45e0057b19e2930d26c222622e355955afe019c9b9b25f62eb2a8eff7cceabdad04910ecd2bd6ef4fa48e6f3673f2fdddff02a6e4c2459584
  languageName: node
  linkType: hard

"xml-name-validator@npm:^4.0.0":
  version: 4.0.0
  resolution: "xml-name-validator@npm:4.0.0"
  checksum: af100b79c29804f05fa35aa3683e29a321db9b9685d5e5febda3fa1e40f13f85abc40f45a6b2bf7bee33f68a1dc5e8eaef4cec100a304a9db565e6061d4cb5ad
  languageName: node
  linkType: hard

"xmlchars@npm:^2.2.0":
  version: 2.2.0
  resolution: "xmlchars@npm:2.2.0"
  checksum: 8c70ac94070ccca03f47a81fcce3b271bd1f37a591bf5424e787ae313fcb9c212f5f6786e1fa82076a2c632c0141552babcd85698c437506dfa6ae2d58723062
  languageName: node
  linkType: hard

"y18n@npm:^5.0.5":
  version: 5.0.8
  resolution: "y18n@npm:5.0.8"
  checksum: 54f0fb95621ee60898a38c572c515659e51cc9d9f787fb109cef6fde4befbe1c4602dc999d30110feee37456ad0f1660fa2edcfde6a9a740f86a290999550d30
  languageName: node
  linkType: hard

"yaml@npm:^2.1.0":
  version: 2.1.0
  resolution: "yaml@npm:2.1.0"
  checksum: 59323a8b51b10d9ad0eab951e7a1f315f1076c123b08ffe60441add1df4fa3433b1d5783b21c50a65536e9d853b23fa567921dbd4bc0d711be2dbf14a06be03b
  languageName: node
  linkType: hard

"yargs-parser@npm:^21.0.0":
  version: 21.0.1
  resolution: "yargs-parser@npm:21.0.1"
  checksum: c3ea2ed12cad0377ce3096b3f138df8267edf7b1aa7d710cd502fe16af417bafe4443dd71b28158c22fcd1be5dfd0e86319597e47badf42ff83815485887323a
  languageName: node
  linkType: hard

"yargs@npm:^17.5.1":
  version: 17.5.1
  resolution: "yargs@npm:17.5.1"
  dependencies:
    cliui: ^7.0.2
    escalade: ^3.1.1
    get-caller-file: ^2.0.5
    require-directory: ^2.1.1
    string-width: ^4.2.3
    y18n: ^5.0.5
    yargs-parser: ^21.0.0
  checksum: 00d58a2c052937fa044834313f07910fd0a115dec5ee35919e857eeee3736b21a4eafa8264535800ba8bac312991ce785ecb8a51f4d2cc8c4676d865af1cfbde
  languageName: node
  linkType: hard
